
Microsoft Visual Studio Solution File, Format Version 12.00
# Visual Studio Version 17
VisualStudioVersion = 17.5.33424.131
MinimumVisualStudioVersion = 10.0.40219.1
Project("{2150E333-8FDC-42A3-9474-1A3956D46DE8}") = "src", "src", "{47A6C6EF-905C-47E9-863E-CB2852871633}"
EndProject
Project("{2150E333-8FDC-42A3-9474-1A3956D46DE8}") = "test", "test", "{5D23DC33-92CC-43FC-B20D-26CE6BEBA1EB}"
EndProject
Project("{9A19103F-16F7-4668-BE54-9A1E7A4F7556}") = "DevOps.Client", "src\DevOps.Client\DevOps.Client.csproj", "{F3021695-6E14-46D0-8A7C-113A687C252A}"
EndProject
Project("{FAE04EC0-301F-11D3-BF4B-00C04F79EFBC}") = "DevOps.Core", "src\DevOps.Core\DevOps.Core.csproj", "{136330A5-D4F5-4024-A5CE-D206E0E0119A}"
EndProject
Project("{9A19103F-16F7-4668-BE54-9A1E7A4F7556}") = "DevOps.Infrastructure", "src\DevOps.Infrastructure\DevOps.Infrastructure.csproj", "{799D3984-5E06-4F24-AC1E-BDFACC0E8CB8}"
EndProject
Project("{FAE04EC0-301F-11D3-BF4B-00C04F79EFBC}") = "DevOps.Core.Tests", "test\DevOps.Core.Tests\DevOps.Core.Tests.csproj", "{EE2833A4-03C9-4B4C-A81E-471240340141}"
EndProject
Project("{FAE04EC0-301F-11D3-BF4B-00C04F79EFBC}") = "DevOps.Infrastructure.Tests", "test\DevOps.Infrastructure.Tests\DevOps.Infrastructure.Tests.csproj", "{15E1269C-3A38-4C4D-ABAB-6EA59A2FBC75}"
EndProject
Global
	GlobalSection(SolutionConfigurationPlatforms) = preSolution
		Debug|Any CPU = Debug|Any CPU
		Release|Any CPU = Release|Any CPU
	EndGlobalSection
	GlobalSection(ProjectConfigurationPlatforms) = postSolution
		{F3021695-6E14-46D0-8A7C-113A687C252A}.Debug|Any CPU.ActiveCfg = Debug|Any CPU
		{F3021695-6E14-46D0-8A7C-113A687C252A}.Debug|Any CPU.Build.0 = Debug|Any CPU
		{F3021695-6E14-46D0-8A7C-113A687C252A}.Release|Any CPU.ActiveCfg = Release|Any CPU
		{F3021695-6E14-46D0-8A7C-113A687C252A}.Release|Any CPU.Build.0 = Release|Any CPU
		{136330A5-D4F5-4024-A5CE-D206E0E0119A}.Debug|Any CPU.ActiveCfg = Debug|Any CPU
		{136330A5-D4F5-4024-A5CE-D206E0E0119A}.Debug|Any CPU.Build.0 = Debug|Any CPU
		{136330A5-D4F5-4024-A5CE-D206E0E0119A}.Release|Any CPU.ActiveCfg = Release|Any CPU
		{136330A5-D4F5-4024-A5CE-D206E0E0119A}.Release|Any CPU.Build.0 = Release|Any CPU
		{799D3984-5E06-4F24-AC1E-BDFACC0E8CB8}.Debug|Any CPU.ActiveCfg = Debug|Any CPU
		{799D3984-5E06-4F24-AC1E-BDFACC0E8CB8}.Debug|Any CPU.Build.0 = Debug|Any CPU
		{799D3984-5E06-4F24-AC1E-BDFACC0E8CB8}.Release|Any CPU.ActiveCfg = Release|Any CPU
		{799D3984-5E06-4F24-AC1E-BDFACC0E8CB8}.Release|Any CPU.Build.0 = Release|Any CPU
		{EE2833A4-03C9-4B4C-A81E-471240340141}.Debug|Any CPU.ActiveCfg = Debug|Any CPU
		{EE2833A4-03C9-4B4C-A81E-471240340141}.Debug|Any CPU.Build.0 = Debug|Any CPU
		{EE2833A4-03C9-4B4C-A81E-471240340141}.Release|Any CPU.ActiveCfg = Release|Any CPU
		{EE2833A4-03C9-4B4C-A81E-471240340141}.Release|Any CPU.Build.0 = Release|Any CPU
		{15E1269C-3A38-4C4D-ABAB-6EA59A2FBC75}.Debug|Any CPU.ActiveCfg = Debug|Any CPU
		{15E1269C-3A38-4C4D-ABAB-6EA59A2FBC75}.Debug|Any CPU.Build.0 = Debug|Any CPU
		{15E1269C-3A38-4C4D-ABAB-6EA59A2FBC75}.Release|Any CPU.ActiveCfg = Release|Any CPU
		{15E1269C-3A38-4C4D-ABAB-6EA59A2FBC75}.Release|Any CPU.Build.0 = Release|Any CPU
	EndGlobalSection
	GlobalSection(SolutionProperties) = preSolution
		HideSolutionNode = FALSE
	EndGlobalSection
	GlobalSection(NestedProjects) = preSolution
		{F3021695-6E14-46D0-8A7C-113A687C252A} = {47A6C6EF-905C-47E9-863E-CB2852871633}
		{136330A5-D4F5-4024-A5CE-D206E0E0119A} = {47A6C6EF-905C-47E9-863E-CB2852871633}
		{799D3984-5E06-4F24-AC1E-BDFACC0E8CB8} = {47A6C6EF-905C-47E9-863E-CB2852871633}
		{EE2833A4-03C9-4B4C-A81E-471240340141} = {5D23DC33-92CC-43FC-B20D-26CE6BEBA1EB}
		{15E1269C-3A38-4C4D-ABAB-6EA59A2FBC75} = {5D23DC33-92CC-43FC-B20D-26CE6BEBA1EB}
	EndGlobalSection
	GlobalSection(ExtensibilityGlobals) = postSolution
		SolutionGuid = {3143A38C-02FB-44D0-8834-9770A0344DEB}
	EndGlobalSection
EndGlobal
